
Microsoft Visual Studio Solution File, Format Version 12.00
# Visual Studio Version 17
VisualStudioVersion = 17.8.34511.84
MinimumVisualStudioVersion = 10.0.40219.1
Project("{FAE04EC0-301F-11D3-BF4B-00C04F79EFBC}") = "Uygulama001", "Uygulama001\Uygulama001.csproj", "{1587574F-4420-4DA9-9BF6-A5587EB42348}"
EndProject
Global
	GlobalSection(SolutionConfigurationPlatforms) = preSolution
		Debug|Any CPU = Debug|Any CPU
		Release|Any CPU = Release|Any CPU
	EndGlobalSection
	GlobalSection(ProjectConfigurationPlatforms) = postSolution
		{1587574F-4420-4DA9-9BF6-A5587EB42348}.Debug|Any CPU.ActiveCfg = Debug|Any CPU
		{1587574F-4420-4DA9-9BF6-A5587EB42348}.Debug|Any CPU.Build.0 = Debug|Any CPU
		{1587574F-4420-4DA9-9BF6-A5587EB42348}.Release|Any CPU.ActiveCfg = Release|Any CPU
		{1587574F-4420-4DA9-9BF6-A5587EB42348}.Release|Any CPU.Build.0 = Release|Any CPU
	EndGlobalSection
	GlobalSection(SolutionProperties) = preSolution
		HideSolutionNode = FALSE
	EndGlobalSection
	GlobalSection(ExtensibilityGlobals) = postSolution
		SolutionGuid = {91F61714-A43B-4693-B1C5-21F3E20B6B36}
	EndGlobalSection
EndGlobal
